# This file is automatically @generated by Cargo.
# It is not intended for manual editing.
version = 3

[[package]]
name = "alphanumeric-sort"
version = "1.4.4"
source = "registry+https://github.com/rust-lang/crates.io-index"
checksum = "77e9c9abb82613923ec78d7a461595d52491ba7240f3c64c0bbe0e6d98e0fce0"

[[package]]
name = "batch_rename"
version = "0.1.0"
dependencies = [
 "alphanumeric-sort",
]
